<?xml version="1.0" encoding="utf-8"?>
<Project ToolsVersion="4.0" xmlns="http://schemas.microsoft.com/developer/msbuild/2003">
  <ItemGroup>
    <ClInclude Include="LoadScene.h">
      <Filter>Contents\Load</Filter>
    </ClInclude>
    <ClInclude Include="User.h">
      <Filter>Contents\Info</Filter>
    </ClInclude>
    <ClInclude Include="ContentEnums.h">
      <Filter>Contents\Info</Filter>
    </ClInclude>
    <ClInclude Include="RokaInclude.h">
      <Filter>Common</Filter>
    </ClInclude>
    <ClInclude Include="framework.h">
      <Filter>Common</Filter>
    </ClInclude>
    <ClInclude Include="AvatarScript.h">
      <Filter>Contents\Script\AvatarScript</Filter>
    </ClInclude>
    <ClInclude Include="FactoryManager.h">
      <Filter>Factory\FactoryManager</Filter>
    </ClInclude>
    <ClInclude Include="ScriptFactory.h">
      <Filter>Factory\ScriptFactory</Filter>
    </ClInclude>
    <ClInclude Include="ComponentFactory.h">
      <Filter>Factory\ComponentFactory</Filter>
    </ClInclude>
    <ClInclude Include="CameraScript.h">
      <Filter>Contents\Script\Camera</Filter>
    </ClInclude>
    <ClInclude Include="GridScript.h">
      <Filter>Contents\Script\Grid</Filter>
    </ClInclude>
    <ClInclude Include="MoveScript.h">
      <Filter>Contents\Script\MoveScript</Filter>
    </ClInclude>
    <ClInclude Include="Slot.h">
      <Filter>Contents\Script\Slot</Filter>
    </ClInclude>
    <ClInclude Include="PlayerScript.h">
      <Filter>Contents\Script\PlayerScript</Filter>
    </ClInclude>
    <ClInclude Include="SelectCharacterScene.h">
      <Filter>Contents\Scene</Filter>
    </ClInclude>
    <ClInclude Include="SeriaGateScene.h">
      <Filter>Contents\Scene</Filter>
    </ClInclude>
    <ClInclude Include="WestcoastScene.h">
      <Filter>Contents\Scene</Filter>
    </ClInclude>
    <ClInclude Include="HendonmyreScene.h">
      <Filter>Contents\Scene</Filter>
    </ClInclude>
    <ClInclude Include="PlayScene.h">
      <Filter>Contents\Scene</Filter>
    </ClInclude>
    <ClInclude Include="Prefab.h">
      <Filter>Prefab</Filter>
    </ClInclude>
    <ClInclude Include="HitBoxScript.h">
      <Filter>Contents\Script\HitBoxScript</Filter>
    </ClInclude>
    <ClInclude Include="TargetMoveScript.h">
      <Filter>Contents\Script\MoveScript</Filter>
    </ClInclude>
    <ClInclude Include="MonsterScript.h">
      <Filter>Contents\Script\MonsterScript\Base</Filter>
    </ClInclude>
    <ClInclude Include="SpiderMonsterScript.h">
      <Filter>Contents\Script\MonsterScript\Nomal Monster\Spider</Filter>
    </ClInclude>
    <ClInclude Include="NormalMonsterScript.h">
      <Filter>Contents\Script\MonsterScript\Nomal Monster\Base</Filter>
    </ClInclude>
    <ClInclude Include="NamedMonsterScript.h">
      <Filter>Contents\Script\MonsterScript\Named Monster\Base</Filter>
    </ClInclude>
    <ClInclude Include="NormalMonsterPool.h">
      <Filter>Contents\ObjectPool\NormalMonsterPool</Filter>
    </ClInclude>
    <ClInclude Include="TairangMonsterScript.h">
      <Filter>Contents\Script\MonsterScript\Named Monster\Tairang</Filter>
    </ClInclude>
    <ClInclude Include="MonsterSkillScript.h">
      <Filter>Contents\Script\SkillScript\MonsterSkill\MonsterSkillScript</Filter>
    </ClInclude>
    <ClInclude Include="SkillScript.h">
      <Filter>Contents\Script\SkillScript\MonsterSkill\Base</Filter>
    </ClInclude>
    <ClInclude Include="AnimationObjectPool.h">
      <Filter>Contents\ObjectPool\AnimationObjectPool</Filter>
    </ClInclude>
    <ClInclude Include="PortalScript.h">
      <Filter>Contents\Script\PortalScript</Filter>
    </ClInclude>
    <ClInclude Include="SpiderLayserSkillScript.h">
      <Filter>Contents\Script\SkillScript\MonsterSkill\NormalMonsterSkill\Spider</Filter>
    </ClInclude>
    <ClInclude Include="LayserSkillScript.h">
      <Filter>Contents\Script\SkillScript\MonsterSkill\Base\TypeBase\Layser</Filter>
    </ClInclude>
    <ClInclude Include="DelayedCollisionSkillScript.h">
      <Filter>Contents\Script\SkillScript\MonsterSkill\Base\TypeBase\DelayedCollision</Filter>
    </ClInclude>
    <ClInclude Include="TairangSkill01Script.h">
      <Filter>Contents\Script\SkillScript\MonsterSkill\NamedMonsterSkill\Tairang</Filter>
    </ClInclude>
    <ClInclude Include="PlayerNormalAttackScript.h">
      <Filter>Contents\Script\SkillScript\MonsterSkill\Base\TypeBase\PlayerNormalAttack</Filter>
    </ClInclude>
    <ClInclude Include="MageNormalAttackScript.h">
      <Filter>Contents\Script\SkillScript\PlayerSkill\Mage</Filter>
    </ClInclude>
    <ClInclude Include="PartScript.h">
      <Filter>Contents\Script\PartScript\Base</Filter>
    </ClInclude>
    <ClInclude Include="WeaponPartScript.h">
      <Filter>Contents\Script\PartScript\Weapon</Filter>
    </ClInclude>
    <ClInclude Include="SkinPartScript.h">
      <Filter>Contents\Script\PartScript\Skin</Filter>
    </ClInclude>
    <ClInclude Include="PartManager.h">
      <Filter>Manager\PartManager</Filter>
    </ClInclude>
    <ClInclude Include="SkillManager.h">
      <Filter>Manager\SkillManager</Filter>
    </ClInclude>
    <ClInclude Include="IAnimationFramEvent.h">
      <Filter>Contents\Interface\IAnimationFramEvent</Filter>
    </ClInclude>
    <ClInclude Include="ISkill.h">
      <Filter>Contents\Interface\ISkill</Filter>
    </ClInclude>
    <ClInclude Include="MgNormalAtk.h">
      <Filter>Contents\Skill\Player\NormalAtk</Filter>
    </ClInclude>
  </ItemGroup>
  <ItemGroup>
    <ClCompile Include="User.cpp">
      <Filter>Contents\Info</Filter>
    </ClCompile>
    <ClCompile Include="Engine.cpp">
      <Filter>Common</Filter>
    </ClCompile>
    <ClCompile Include="AvatarScript.cpp">
      <Filter>Contents\Script\AvatarScript</Filter>
    </ClCompile>
    <ClCompile Include="FactoryManager.cpp">
      <Filter>Factory\FactoryManager</Filter>
    </ClCompile>
    <ClCompile Include="ScriptFactory.cpp">
      <Filter>Factory\ScriptFactory</Filter>
    </ClCompile>
    <ClCompile Include="ComponentFactory.cpp">
      <Filter>Factory\ComponentFactory</Filter>
    </ClCompile>
    <ClCompile Include="CameraScript.cpp">
      <Filter>Contents\Script\Camera</Filter>
    </ClCompile>
    <ClCompile Include="GridScript.cpp">
      <Filter>Contents\Script\Grid</Filter>
    </ClCompile>
    <ClCompile Include="MoveScript.cpp">
      <Filter>Contents\Script\MoveScript</Filter>
    </ClCompile>
    <ClCompile Include="Slot.cpp">
      <Filter>Contents\Script\Slot</Filter>
    </ClCompile>
    <ClCompile Include="PlayerScript.cpp">
      <Filter>Contents\Script\PlayerScript</Filter>
    </ClCompile>
    <ClCompile Include="SelectCharacterScene.cpp">
      <Filter>Contents\Scene</Filter>
    </ClCompile>
    <ClCompile Include="SeriaGateScene.cpp">
      <Filter>Contents\Scene</Filter>
    </ClCompile>
    <ClCompile Include="WestcoastScene.cpp">
      <Filter>Contents\Scene</Filter>
    </ClCompile>
    <ClCompile Include="HendonmyreScene.cpp">
      <Filter>Contents\Scene</Filter>
    </ClCompile>
    <ClCompile Include="PlayScene.cpp">
      <Filter>Contents\Scene</Filter>
    </ClCompile>
    <ClCompile Include="Prefab.cpp">
      <Filter>Prefab</Filter>
    </ClCompile>
    <ClCompile Include="HitBoxScript.cpp">
      <Filter>Contents\Script\HitBoxScript</Filter>
    </ClCompile>
    <ClCompile Include="TargetMoveScript.cpp">
      <Filter>Contents\Script\MoveScript</Filter>
    </ClCompile>
    <ClCompile Include="MonsterScript.cpp">
      <Filter>Contents\Script\MonsterScript\Base</Filter>
    </ClCompile>
    <ClCompile Include="SpiderMonsterScript.cpp">
      <Filter>Contents\Script\MonsterScript\Nomal Monster\Spider</Filter>
    </ClCompile>
    <ClCompile Include="NormalMonsterScript.cpp">
      <Filter>Contents\Script\MonsterScript\Nomal Monster\Base</Filter>
    </ClCompile>
    <ClCompile Include="NamedMonsterScript.cpp">
      <Filter>Contents\Script\MonsterScript\Named Monster\Base</Filter>
    </ClCompile>
    <ClCompile Include="NormalMonsterPool.cpp">
      <Filter>Contents\ObjectPool\NormalMonsterPool</Filter>
    </ClCompile>
    <ClCompile Include="TairangMonsterScript.cpp">
      <Filter>Contents\Script\MonsterScript\Named Monster\Tairang</Filter>
    </ClCompile>
    <ClCompile Include="MonsterSkillScript.cpp">
      <Filter>Contents\Script\SkillScript\MonsterSkill\MonsterSkillScript</Filter>
    </ClCompile>
    <ClCompile Include="SkillScript.cpp">
      <Filter>Contents\Script\SkillScript\MonsterSkill\Base</Filter>
    </ClCompile>
    <ClCompile Include="AnimationObjectPool.cpp">
      <Filter>Contents\ObjectPool\AnimationObjectPool</Filter>
    </ClCompile>
    <ClCompile Include="PortalScript.cpp">
      <Filter>Contents\Script\PortalScript</Filter>
    </ClCompile>
    <ClCompile Include="SpiderLayserSkillScript.cpp">
      <Filter>Contents\Script\SkillScript\MonsterSkill\NormalMonsterSkill\Spider</Filter>
    </ClCompile>
    <ClCompile Include="LayserSkillScript.cpp">
      <Filter>Contents\Script\SkillScript\MonsterSkill\Base\TypeBase\Layser</Filter>
    </ClCompile>
    <ClCompile Include="DelayedCollisionSkillScript.cpp">
      <Filter>Contents\Script\SkillScript\MonsterSkill\Base\TypeBase\DelayedCollision</Filter>
    </ClCompile>
    <ClCompile Include="TairangSkill01Script.cpp">
      <Filter>Contents\Script\SkillScript\MonsterSkill\NamedMonsterSkill\Tairang</Filter>
    </ClCompile>
    <ClCompile Include="PlayerNormalAttackScript.cpp">
      <Filter>Contents\Script\SkillScript\MonsterSkill\Base\TypeBase\PlayerNormalAttack</Filter>
    </ClCompile>
    <ClCompile Include="MageNormalAttackScript.cpp">
      <Filter>Contents\Script\SkillScript\PlayerSkill\Mage</Filter>
    </ClCompile>
    <ClCompile Include="PartScript.cpp">
      <Filter>Contents\Script\PartScript\Base</Filter>
    </ClCompile>
    <ClCompile Include="WeaponPartScript.cpp">
      <Filter>Contents\Script\PartScript\Weapon</Filter>
    </ClCompile>
    <ClCompile Include="SkinPartScript.cpp">
      <Filter>Contents\Script\PartScript\Skin</Filter>
    </ClCompile>
    <ClCompile Include="PartManager.cpp">
      <Filter>Manager\PartManager</Filter>
    </ClCompile>
    <ClCompile Include="SkillManager.cpp">
      <Filter>Manager\SkillManager</Filter>
    </ClCompile>
    <ClCompile Include="IAnimationFramEvent.cpp">
      <Filter>Contents\Interface\IAnimationFramEvent</Filter>
    </ClCompile>
    <ClCompile Include="ISkill.cpp">
      <Filter>Contents\Interface\ISkill</Filter>
    </ClCompile>
    <ClCompile Include="MgNormalAtk.cpp">
      <Filter>Contents\Skill\Player\NormalAtk</Filter>
    </ClCompile>
  </ItemGroup>
  <ItemGroup>
    <Filter Include="Contents">
      <UniqueIdentifier>{a1c955e1-b2dc-4eec-ac5b-11708c60c9ab}</UniqueIdentifier>
    </Filter>
    <Filter Include="Contents\Load">
      <UniqueIdentifier>{c4492cfe-95f5-4149-a07c-a916c09232ee}</UniqueIdentifier>
    </Filter>
    <Filter Include="Contents\Scene">
      <UniqueIdentifier>{3df3653c-6fa2-4749-9158-679cbd8bf368}</UniqueIdentifier>
    </Filter>
    <Filter Include="Contents\Script">
      <UniqueIdentifier>{3e345786-6a89-4854-8033-5de66dce86f2}</UniqueIdentifier>
    </Filter>
    <Filter Include="Contents\Script\Grid">
      <UniqueIdentifier>{e4c70c7f-c862-4986-8e20-5bd5ebe604db}</UniqueIdentifier>
    </Filter>
    <Filter Include="Contents\Script\Camera">
      <UniqueIdentifier>{e1bacb99-4c5b-4706-9a86-3c81ab27b544}</UniqueIdentifier>
    </Filter>
    <Filter Include="Contents\Script\Slot">
      <UniqueIdentifier>{12a0a32f-22dc-47b3-a702-effb2c6f4101}</UniqueIdentifier>
    </Filter>
    <Filter Include="Contents\Script\PlayerScript">
      <UniqueIdentifier>{f7396af7-d457-4919-8b73-f99c4b222e82}</UniqueIdentifier>
    </Filter>
    <Filter Include="Contents\Info">
      <UniqueIdentifier>{b5b43276-156c-4a02-85ab-33899fbd0980}</UniqueIdentifier>
    </Filter>
    <Filter Include="Common">
      <UniqueIdentifier>{50a53def-395b-4591-b05e-e87db7d73ce4}</UniqueIdentifier>
    </Filter>
    <Filter Include="Contents\Script\AvatarScript">
      <UniqueIdentifier>{faee0034-81b5-471d-b3c2-2941ddbf09b1}</UniqueIdentifier>
    </Filter>
    <Filter Include="Factory">
      <UniqueIdentifier>{e2a03d57-739f-4746-82d0-f7f6d9a30655}</UniqueIdentifier>
    </Filter>
    <Filter Include="Factory\ComponentFactory">
      <UniqueIdentifier>{2b73a784-bb7b-4eec-aefd-58c6cba0521f}</UniqueIdentifier>
    </Filter>
    <Filter Include="Factory\ScriptFactory">
      <UniqueIdentifier>{f54ff08f-4052-410f-b2b2-5ab98a2c2d7b}</UniqueIdentifier>
    </Filter>
    <Filter Include="Factory\FactoryManager">
      <UniqueIdentifier>{1db5f407-f724-4cd0-9355-9eea76fd702e}</UniqueIdentifier>
    </Filter>
    <Filter Include="Contents\Script\MoveScript">
      <UniqueIdentifier>{a2647b72-e4ea-4962-b649-f43569bd613e}</UniqueIdentifier>
    </Filter>
    <Filter Include="Prefab">
      <UniqueIdentifier>{d3938b0e-52e9-4f85-974c-cd3512b2a4fb}</UniqueIdentifier>
    </Filter>
    <Filter Include="Contents\Script\PartScript">
      <UniqueIdentifier>{ce278227-0394-45ee-962d-e1d9d30ca995}</UniqueIdentifier>
    </Filter>
    <Filter Include="Contents\Script\Ground">
      <UniqueIdentifier>{1c62c7f6-2c97-40fc-bd4d-57e930fbce37}</UniqueIdentifier>
    </Filter>
    <Filter Include="Contents\Script\SkillScript">
      <UniqueIdentifier>{cc36197d-40a4-47ab-af81-6ec91fd62257}</UniqueIdentifier>
    </Filter>
    <Filter Include="Contents\Script\MonsterScript">
      <UniqueIdentifier>{658ec8d0-1e5d-41df-a674-68ae1ced7955}</UniqueIdentifier>
    </Filter>
    <Filter Include="Contents\Script\HitBoxScript">
      <UniqueIdentifier>{09790a15-7216-42d7-a261-a82f228c5c80}</UniqueIdentifier>
    </Filter>
    <Filter Include="Contents\Script\MonsterScript\Nomal Monster">
      <UniqueIdentifier>{1375173e-57a8-43ce-989c-022bfa8ce630}</UniqueIdentifier>
    </Filter>
    <Filter Include="Contents\Script\MonsterScript\Nomal Monster\Spider">
      <UniqueIdentifier>{5056ab33-848a-47de-88fe-83abffb05a4f}</UniqueIdentifier>
    </Filter>
    <Filter Include="Contents\Script\MonsterScript\Base">
      <UniqueIdentifier>{e4f26611-4456-4d8c-b1c1-a91084b48a8c}</UniqueIdentifier>
    </Filter>
    <Filter Include="Contents\Script\MonsterScript\Nomal Monster\Base">
      <UniqueIdentifier>{efb14849-7634-46fe-8b9c-e5d78ca8235f}</UniqueIdentifier>
    </Filter>
    <Filter Include="Contents\ObjectPool">
      <UniqueIdentifier>{7e260dde-bac2-4870-b689-bac6e702305c}</UniqueIdentifier>
    </Filter>
    <Filter Include="Contents\ObjectPool\NormalMonsterPool">
      <UniqueIdentifier>{f40c1968-e66f-444e-9f65-f18a1fe05fa5}</UniqueIdentifier>
    </Filter>
    <Filter Include="Contents\Script\MonsterScript\Named Monster">
      <UniqueIdentifier>{7c594060-e0af-4753-9a5f-4b53701295ab}</UniqueIdentifier>
    </Filter>
    <Filter Include="Contents\Script\MonsterScript\Named Monster\Tairang">
      <UniqueIdentifier>{3e7e386b-e277-464b-bb88-7f3c03903143}</UniqueIdentifier>
    </Filter>
    <Filter Include="Contents\Script\MonsterScript\Named Monster\Base">
      <UniqueIdentifier>{9a997620-db2f-42ae-b77f-d256b88e974a}</UniqueIdentifier>
    </Filter>
    <Filter Include="Contents\ObjectPool\AnimationObjectPool">
      <UniqueIdentifier>{4a6accde-1acd-4aec-9ee7-91d17f000dd9}</UniqueIdentifier>
    </Filter>
    <Filter Include="Manager">
      <UniqueIdentifier>{da2540d1-414e-4906-9063-f70f7185b166}</UniqueIdentifier>
    </Filter>
    <Filter Include="Contents\Script\PortalScript">
      <UniqueIdentifier>{d2bc9dd9-15ed-43c1-a1c1-4e275a2ea3b3}</UniqueIdentifier>
    </Filter>
    <Filter Include="Contents\Script\SkillScript\PlayerSkill">
      <UniqueIdentifier>{2b2303be-516a-4306-b6ea-f1564f2c0eac}</UniqueIdentifier>
    </Filter>
    <Filter Include="Contents\Script\SkillScript\PlayerSkill\Mage">
      <UniqueIdentifier>{43ab35fc-daa1-48b0-8278-3123c5742a81}</UniqueIdentifier>
    </Filter>
    <Filter Include="Contents\Script\PartScript\Base">
      <UniqueIdentifier>{dd6e7d60-859b-408a-ae91-77e2e2e09789}</UniqueIdentifier>
    </Filter>
    <Filter Include="Contents\Script\PartScript\Weapon">
      <UniqueIdentifier>{a388564d-7d0f-4793-acbb-520cd221b257}</UniqueIdentifier>
    </Filter>
    <Filter Include="Contents\Script\PartScript\Skin">
      <UniqueIdentifier>{0ae11a3c-2799-47dd-9468-9b0f4d7e1283}</UniqueIdentifier>
    </Filter>
    <Filter Include="Manager\PartManager">
      <UniqueIdentifier>{3a7fa2d0-b6f0-4e49-a917-aa158e3c1fc4}</UniqueIdentifier>
    </Filter>
    <Filter Include="Manager\SkillManager">
      <UniqueIdentifier>{7168718b-6f4f-4c89-87d8-d377c0061ee9}</UniqueIdentifier>
    </Filter>
    <Filter Include="Contents\Script\SkillScript\MonsterSkill">
      <UniqueIdentifier>{cb6e81b9-06a1-4ed6-ad87-d52f178f52c1}</UniqueIdentifier>
    </Filter>
    <Filter Include="Contents\Script\SkillScript\MonsterSkill\Base">
      <UniqueIdentifier>{6857e66a-45b2-4d4d-8bdc-111692b6fbf3}</UniqueIdentifier>
    </Filter>
    <Filter Include="Contents\Script\SkillScript\MonsterSkill\Base\TypeBase">
      <UniqueIdentifier>{1dc980a3-7467-4bf9-a342-47daa1c27eb6}</UniqueIdentifier>
    </Filter>
    <Filter Include="Contents\Script\SkillScript\MonsterSkill\Base\TypeBase\Layser">
      <UniqueIdentifier>{d89e9fb9-4a52-4648-86d9-5f39be7cf6c1}</UniqueIdentifier>
    </Filter>
    <Filter Include="Contents\Script\SkillScript\MonsterSkill\Base\TypeBase\DelayedCollision">
      <UniqueIdentifier>{c41bd470-a02c-4046-893a-becc9a6baf52}</UniqueIdentifier>
    </Filter>
    <Filter Include="Contents\Script\SkillScript\MonsterSkill\Base\TypeBase\PlayerNormalAttack">
      <UniqueIdentifier>{00cfd4e9-52b3-4b30-8c3c-de43ccff12b5}</UniqueIdentifier>
    </Filter>
    <Filter Include="Contents\Script\SkillScript\MonsterSkill\MonsterSkillScript">
      <UniqueIdentifier>{41f01de6-6d0a-420d-a98f-56a07b14f469}</UniqueIdentifier>
    </Filter>
    <Filter Include="Contents\Script\SkillScript\MonsterSkill\NamedMonsterSkill">
      <UniqueIdentifier>{d932522b-0e9b-419d-b8d3-9ae1dd05a0ef}</UniqueIdentifier>
    </Filter>
    <Filter Include="Contents\Script\SkillScript\MonsterSkill\NamedMonsterSkill\Tairang">
      <UniqueIdentifier>{e100c645-34b5-43b1-8835-ae4e18e4055e}</UniqueIdentifier>
    </Filter>
    <Filter Include="Contents\Script\SkillScript\MonsterSkill\NormalMonsterSkill">
      <UniqueIdentifier>{d0714876-160c-4bfd-bee7-271ecee32fc9}</UniqueIdentifier>
    </Filter>
    <Filter Include="Contents\Script\SkillScript\MonsterSkill\NormalMonsterSkill\Spider">
      <UniqueIdentifier>{785ca910-c59f-4a26-b357-07a2efb499c5}</UniqueIdentifier>
    </Filter>
    <Filter Include="Contents\Script\SkillScript\PlayerSkill\Base">
      <UniqueIdentifier>{045b209a-85e3-4044-9f88-e687ae142fe5}</UniqueIdentifier>
    </Filter>
    <Filter Include="Contents\Interface">
      <UniqueIdentifier>{a8da34d3-f546-4f11-bf70-b37557d8fdda}</UniqueIdentifier>
    </Filter>
    <Filter Include="Contents\Interface\IAnimationFramEvent">
      <UniqueIdentifier>{c8082348-077b-4fa2-8541-66692b2d8516}</UniqueIdentifier>
    </Filter>
    <Filter Include="Contents\Skill">
      <UniqueIdentifier>{3046ed18-7ea9-4dc1-bcde-22690d464077}</UniqueIdentifier>
    </Filter>
    <Filter Include="Contents\Skill\Player">
      <UniqueIdentifier>{3f163e4d-ecca-4bf3-9a28-77a677a9983b}</UniqueIdentifier>
    </Filter>
    <Filter Include="Contents\Skill\Player\NormalAtk">
      <UniqueIdentifier>{30ba0bbd-f567-4afa-a758-b26354f852c3}</UniqueIdentifier>
    </Filter>
    <Filter Include="Contents\Interface\ISkill">
      <UniqueIdentifier>{f46138e2-0519-463c-84a2-ce6348345726}</UniqueIdentifier>
    </Filter>
  </ItemGroup>
</Project>