<?xml version="1.0" encoding="utf-8"?>
<Project ToolsVersion="4.0" xmlns="http://schemas.microsoft.com/developer/msbuild/2003">
  <ItemGroup>
    <ClInclude Include="LoadScene.h">
      <Filter>Contents\Load</Filter>
    </ClInclude>
    <ClInclude Include="User.h">
      <Filter>Contents\Info</Filter>
    </ClInclude>
    <ClInclude Include="ContentEnums.h">
      <Filter>Contents\Info</Filter>
    </ClInclude>
    <ClInclude Include="RokaInclude.h">
      <Filter>Common</Filter>
    </ClInclude>
    <ClInclude Include="framework.h">
      <Filter>Common</Filter>
    </ClInclude>
    <ClInclude Include="AvatarScript.h">
      <Filter>Contents\Script\AvatarScript</Filter>
    </ClInclude>
    <ClInclude Include="FactoryManager.h">
      <Filter>Factory\FactoryManager</Filter>
    </ClInclude>
    <ClInclude Include="ScriptFactory.h">
      <Filter>Factory\ScriptFactory</Filter>
    </ClInclude>
    <ClInclude Include="ComponentFactory.h">
      <Filter>Factory\ComponentFactory</Filter>
    </ClInclude>
    <ClInclude Include="CameraScript.h">
      <Filter>Contents\Script\Camera</Filter>
    </ClInclude>
    <ClInclude Include="GridScript.h">
      <Filter>Contents\Script\Grid</Filter>
    </ClInclude>
    <ClInclude Include="MoveScript.h">
      <Filter>Contents\Script\MoveScript</Filter>
    </ClInclude>
    <ClInclude Include="Slot.h">
      <Filter>Contents\Script\Slot</Filter>
    </ClInclude>
    <ClInclude Include="PlayerScript.h">
      <Filter>Contents\Script\PlayerScript</Filter>
    </ClInclude>
    <ClInclude Include="SelectCharacterScene.h">
      <Filter>Contents\Scene</Filter>
    </ClInclude>
    <ClInclude Include="SeriaGateScene.h">
      <Filter>Contents\Scene</Filter>
    </ClInclude>
    <ClInclude Include="WestcoastScene.h">
      <Filter>Contents\Scene</Filter>
    </ClInclude>
    <ClInclude Include="HendonmyreScene.h">
      <Filter>Contents\Scene</Filter>
    </ClInclude>
    <ClInclude Include="PlayScene.h">
      <Filter>Contents\Scene</Filter>
    </ClInclude>
    <ClInclude Include="Prefab.h">
      <Filter>Prefab</Filter>
    </ClInclude>
    <ClInclude Include="TargetMoveScript.h">
      <Filter>Contents\Script\MoveScript</Filter>
    </ClInclude>
    <ClInclude Include="MonsterScript.h">
      <Filter>Contents\Script\MonsterScript\Base</Filter>
    </ClInclude>
    <ClInclude Include="SpiderMonsterScript.h">
      <Filter>Contents\Script\MonsterScript\Nomal Monster\Spider</Filter>
    </ClInclude>
    <ClInclude Include="NormalMonsterScript.h">
      <Filter>Contents\Script\MonsterScript\Nomal Monster\Base</Filter>
    </ClInclude>
    <ClInclude Include="NamedMonsterScript.h">
      <Filter>Contents\Script\MonsterScript\Named Monster\Base</Filter>
    </ClInclude>
    <ClInclude Include="NormalMonsterPool.h">
      <Filter>Contents\ObjectPool\NormalMonsterPool</Filter>
    </ClInclude>
    <ClInclude Include="TairangMonsterScript.h">
      <Filter>Contents\Script\MonsterScript\Named Monster\Tairang</Filter>
    </ClInclude>
    <ClInclude Include="AnimationObjectPool.h">
      <Filter>Contents\ObjectPool\AnimationObjectPool</Filter>
    </ClInclude>
    <ClInclude Include="PartScript.h">
      <Filter>Contents\Script\PartScript\Base</Filter>
    </ClInclude>
    <ClInclude Include="WeaponPartScript.h">
      <Filter>Contents\Script\PartScript\Weapon</Filter>
    </ClInclude>
    <ClInclude Include="SkinPartScript.h">
      <Filter>Contents\Script\PartScript\Skin</Filter>
    </ClInclude>
    <ClInclude Include="PartManager.h">
      <Filter>Manager\PartManager</Filter>
    </ClInclude>
    <ClInclude Include="SkillManager.h">
      <Filter>Manager\SkillManager</Filter>
    </ClInclude>
    <ClInclude Include="IAnimationFramEvent.h">
      <Filter>Contents\Interface\IAnimationFramEvent</Filter>
    </ClInclude>
    <ClInclude Include="ISkill.h">
      <Filter>Contents\Interface\ISkill</Filter>
    </ClInclude>
    <ClInclude Include="MgNormalAtk.h">
      <Filter>Contents\Class\Skill\Player\NormalAtk</Filter>
    </ClInclude>
    <ClInclude Include="ICollisionListener.h">
      <Filter>Contents\Interface\ICollisionListener</Filter>
    </ClInclude>
    <ClInclude Include="SpiderNormalAtk.h">
      <Filter>Contents\Class\Skill\Monster\Normal\Spider</Filter>
    </ClInclude>
    <ClInclude Include="WarningScript.h">
      <Filter>Contents\Script\Warning</Filter>
    </ClInclude>
    <ClInclude Include="WarningObjectPool.h">
      <Filter>Contents\ObjectPool\WarningObjectPool</Filter>
    </ClInclude>
    <ClInclude Include="TairangSkill01.h">
      <Filter>Contents\Class\Skill\Monster\Named\Tairang</Filter>
    </ClInclude>
    <ClInclude Include="PortalManager.h">
      <Filter>Manager\PortalManager</Filter>
    </ClInclude>
    <ClInclude Include="Portal.h">
      <Filter>Contents\Class\Portal</Filter>
    </ClInclude>
    <ClInclude Include="AntiGravity.h">
      <Filter>Contents\Class\Skill\Player\AntiGravity</Filter>
    </ClInclude>
    <ClInclude Include="ChangeSizeOverTime.h">
      <Filter>Contents\Script\ChageSizeOverTiem</Filter>
    </ClInclude>
    <ClInclude Include="InputManager.h">
      <Filter>Manager\InputManager</Filter>
    </ClInclude>
    <ClInclude Include="StartLoadScene.h">
      <Filter>Contents\Scene</Filter>
    </ClInclude>
    <ClInclude Include="IMouseEvent.h">
      <Filter>Contents\Interface\IMouseEvent</Filter>
    </ClInclude>
    <ClInclude Include="TileMapToolScene.h">
      <Filter>Contents\Scene</Filter>
    </ClInclude>
  </ItemGroup>
  <ItemGroup>
    <ClCompile Include="User.cpp">
      <Filter>Contents\Info</Filter>
    </ClCompile>
    <ClCompile Include="Engine.cpp">
      <Filter>Common</Filter>
    </ClCompile>
    <ClCompile Include="AvatarScript.cpp">
      <Filter>Contents\Script\AvatarScript</Filter>
    </ClCompile>
    <ClCompile Include="FactoryManager.cpp">
      <Filter>Factory\FactoryManager</Filter>
    </ClCompile>
    <ClCompile Include="ScriptFactory.cpp">
      <Filter>Factory\ScriptFactory</Filter>
    </ClCompile>
    <ClCompile Include="ComponentFactory.cpp">
      <Filter>Factory\ComponentFactory</Filter>
    </ClCompile>
    <ClCompile Include="CameraScript.cpp">
      <Filter>Contents\Script\Camera</Filter>
    </ClCompile>
    <ClCompile Include="GridScript.cpp">
      <Filter>Contents\Script\Grid</Filter>
    </ClCompile>
    <ClCompile Include="MoveScript.cpp">
      <Filter>Contents\Script\MoveScript</Filter>
    </ClCompile>
    <ClCompile Include="Slot.cpp">
      <Filter>Contents\Script\Slot</Filter>
    </ClCompile>
    <ClCompile Include="PlayerScript.cpp">
      <Filter>Contents\Script\PlayerScript</Filter>
    </ClCompile>
    <ClCompile Include="SelectCharacterScene.cpp">
      <Filter>Contents\Scene</Filter>
    </ClCompile>
    <ClCompile Include="SeriaGateScene.cpp">
      <Filter>Contents\Scene</Filter>
    </ClCompile>
    <ClCompile Include="WestcoastScene.cpp">
      <Filter>Contents\Scene</Filter>
    </ClCompile>
    <ClCompile Include="HendonmyreScene.cpp">
      <Filter>Contents\Scene</Filter>
    </ClCompile>
    <ClCompile Include="PlayScene.cpp">
      <Filter>Contents\Scene</Filter>
    </ClCompile>
    <ClCompile Include="Prefab.cpp">
      <Filter>Prefab</Filter>
    </ClCompile>
    <ClCompile Include="TargetMoveScript.cpp">
      <Filter>Contents\Script\MoveScript</Filter>
    </ClCompile>
    <ClCompile Include="MonsterScript.cpp">
      <Filter>Contents\Script\MonsterScript\Base</Filter>
    </ClCompile>
    <ClCompile Include="SpiderMonsterScript.cpp">
      <Filter>Contents\Script\MonsterScript\Nomal Monster\Spider</Filter>
    </ClCompile>
    <ClCompile Include="NormalMonsterScript.cpp">
      <Filter>Contents\Script\MonsterScript\Nomal Monster\Base</Filter>
    </ClCompile>
    <ClCompile Include="NamedMonsterScript.cpp">
      <Filter>Contents\Script\MonsterScript\Named Monster\Base</Filter>
    </ClCompile>
    <ClCompile Include="NormalMonsterPool.cpp">
      <Filter>Contents\ObjectPool\NormalMonsterPool</Filter>
    </ClCompile>
    <ClCompile Include="TairangMonsterScript.cpp">
      <Filter>Contents\Script\MonsterScript\Named Monster\Tairang</Filter>
    </ClCompile>
    <ClCompile Include="AnimationObjectPool.cpp">
      <Filter>Contents\ObjectPool\AnimationObjectPool</Filter>
    </ClCompile>
    <ClCompile Include="PartScript.cpp">
      <Filter>Contents\Script\PartScript\Base</Filter>
    </ClCompile>
    <ClCompile Include="WeaponPartScript.cpp">
      <Filter>Contents\Script\PartScript\Weapon</Filter>
    </ClCompile>
    <ClCompile Include="SkinPartScript.cpp">
      <Filter>Contents\Script\PartScript\Skin</Filter>
    </ClCompile>
    <ClCompile Include="PartManager.cpp">
      <Filter>Manager\PartManager</Filter>
    </ClCompile>
    <ClCompile Include="SkillManager.cpp">
      <Filter>Manager\SkillManager</Filter>
    </ClCompile>
    <ClCompile Include="IAnimationFramEvent.cpp">
      <Filter>Contents\Interface\IAnimationFramEvent</Filter>
    </ClCompile>
    <ClCompile Include="ISkill.cpp">
      <Filter>Contents\Interface\ISkill</Filter>
    </ClCompile>
    <ClCompile Include="MgNormalAtk.cpp">
      <Filter>Contents\Class\Skill\Player\NormalAtk</Filter>
    </ClCompile>
    <ClCompile Include="ICollisionListener.cpp">
      <Filter>Contents\Interface\ICollisionListener</Filter>
    </ClCompile>
    <ClCompile Include="SpiderNormalAtk.cpp">
      <Filter>Contents\Class\Skill\Monster\Normal\Spider</Filter>
    </ClCompile>
    <ClCompile Include="WarningScript.cpp">
      <Filter>Contents\Script\Warning</Filter>
    </ClCompile>
    <ClCompile Include="WarningObjectPool.cpp">
      <Filter>Contents\ObjectPool\WarningObjectPool</Filter>
    </ClCompile>
    <ClCompile Include="TairangSkill01.cpp">
      <Filter>Contents\Class\Skill\Monster\Named\Tairang</Filter>
    </ClCompile>
    <ClCompile Include="PortalManager.cpp">
      <Filter>Manager\PortalManager</Filter>
    </ClCompile>
    <ClCompile Include="Portal.cpp">
      <Filter>Contents\Class\Portal</Filter>
    </ClCompile>
    <ClCompile Include="AntiGravity.cpp">
      <Filter>Contents\Class\Skill\Player\AntiGravity</Filter>
    </ClCompile>
    <ClCompile Include="ChangeSizeOverTime.cpp">
      <Filter>Contents\Script\ChageSizeOverTiem</Filter>
    </ClCompile>
    <ClCompile Include="InputManager.cpp">
      <Filter>Manager\InputManager</Filter>
    </ClCompile>
    <ClCompile Include="StartLoadScene.cpp">
      <Filter>Contents\Scene</Filter>
    </ClCompile>
    <ClCompile Include="IMouseEvent.cpp">
      <Filter>Contents\Interface\IMouseEvent</Filter>
    </ClCompile>
    <ClCompile Include="TileMapToolScene.cpp">
      <Filter>Contents\Scene</Filter>
    </ClCompile>
  </ItemGroup>
  <ItemGroup>
    <Filter Include="Contents">
      <UniqueIdentifier>{a1c955e1-b2dc-4eec-ac5b-11708c60c9ab}</UniqueIdentifier>
    </Filter>
    <Filter Include="Contents\Load">
      <UniqueIdentifier>{c4492cfe-95f5-4149-a07c-a916c09232ee}</UniqueIdentifier>
    </Filter>
    <Filter Include="Contents\Scene">
      <UniqueIdentifier>{3df3653c-6fa2-4749-9158-679cbd8bf368}</UniqueIdentifier>
    </Filter>
    <Filter Include="Contents\Script">
      <UniqueIdentifier>{3e345786-6a89-4854-8033-5de66dce86f2}</UniqueIdentifier>
    </Filter>
    <Filter Include="Contents\Script\Grid">
      <UniqueIdentifier>{e4c70c7f-c862-4986-8e20-5bd5ebe604db}</UniqueIdentifier>
    </Filter>
    <Filter Include="Contents\Script\Camera">
      <UniqueIdentifier>{e1bacb99-4c5b-4706-9a86-3c81ab27b544}</UniqueIdentifier>
    </Filter>
    <Filter Include="Contents\Script\Slot">
      <UniqueIdentifier>{12a0a32f-22dc-47b3-a702-effb2c6f4101}</UniqueIdentifier>
    </Filter>
    <Filter Include="Contents\Script\PlayerScript">
      <UniqueIdentifier>{f7396af7-d457-4919-8b73-f99c4b222e82}</UniqueIdentifier>
    </Filter>
    <Filter Include="Contents\Info">
      <UniqueIdentifier>{b5b43276-156c-4a02-85ab-33899fbd0980}</UniqueIdentifier>
    </Filter>
    <Filter Include="Common">
      <UniqueIdentifier>{50a53def-395b-4591-b05e-e87db7d73ce4}</UniqueIdentifier>
    </Filter>
    <Filter Include="Contents\Script\AvatarScript">
      <UniqueIdentifier>{faee0034-81b5-471d-b3c2-2941ddbf09b1}</UniqueIdentifier>
    </Filter>
    <Filter Include="Factory">
      <UniqueIdentifier>{e2a03d57-739f-4746-82d0-f7f6d9a30655}</UniqueIdentifier>
    </Filter>
    <Filter Include="Factory\ComponentFactory">
      <UniqueIdentifier>{2b73a784-bb7b-4eec-aefd-58c6cba0521f}</UniqueIdentifier>
    </Filter>
    <Filter Include="Factory\ScriptFactory">
      <UniqueIdentifier>{f54ff08f-4052-410f-b2b2-5ab98a2c2d7b}</UniqueIdentifier>
    </Filter>
    <Filter Include="Factory\FactoryManager">
      <UniqueIdentifier>{1db5f407-f724-4cd0-9355-9eea76fd702e}</UniqueIdentifier>
    </Filter>
    <Filter Include="Contents\Script\MoveScript">
      <UniqueIdentifier>{a2647b72-e4ea-4962-b649-f43569bd613e}</UniqueIdentifier>
    </Filter>
    <Filter Include="Prefab">
      <UniqueIdentifier>{d3938b0e-52e9-4f85-974c-cd3512b2a4fb}</UniqueIdentifier>
    </Filter>
    <Filter Include="Contents\Script\PartScript">
      <UniqueIdentifier>{ce278227-0394-45ee-962d-e1d9d30ca995}</UniqueIdentifier>
    </Filter>
    <Filter Include="Contents\Script\MonsterScript">
      <UniqueIdentifier>{658ec8d0-1e5d-41df-a674-68ae1ced7955}</UniqueIdentifier>
    </Filter>
    <Filter Include="Contents\Script\MonsterScript\Nomal Monster">
      <UniqueIdentifier>{1375173e-57a8-43ce-989c-022bfa8ce630}</UniqueIdentifier>
    </Filter>
    <Filter Include="Contents\Script\MonsterScript\Nomal Monster\Spider">
      <UniqueIdentifier>{5056ab33-848a-47de-88fe-83abffb05a4f}</UniqueIdentifier>
    </Filter>
    <Filter Include="Contents\Script\MonsterScript\Base">
      <UniqueIdentifier>{e4f26611-4456-4d8c-b1c1-a91084b48a8c}</UniqueIdentifier>
    </Filter>
    <Filter Include="Contents\Script\MonsterScript\Nomal Monster\Base">
      <UniqueIdentifier>{efb14849-7634-46fe-8b9c-e5d78ca8235f}</UniqueIdentifier>
    </Filter>
    <Filter Include="Contents\ObjectPool">
      <UniqueIdentifier>{7e260dde-bac2-4870-b689-bac6e702305c}</UniqueIdentifier>
    </Filter>
    <Filter Include="Contents\ObjectPool\NormalMonsterPool">
      <UniqueIdentifier>{f40c1968-e66f-444e-9f65-f18a1fe05fa5}</UniqueIdentifier>
    </Filter>
    <Filter Include="Contents\Script\MonsterScript\Named Monster">
      <UniqueIdentifier>{7c594060-e0af-4753-9a5f-4b53701295ab}</UniqueIdentifier>
    </Filter>
    <Filter Include="Contents\Script\MonsterScript\Named Monster\Tairang">
      <UniqueIdentifier>{3e7e386b-e277-464b-bb88-7f3c03903143}</UniqueIdentifier>
    </Filter>
    <Filter Include="Contents\Script\MonsterScript\Named Monster\Base">
      <UniqueIdentifier>{9a997620-db2f-42ae-b77f-d256b88e974a}</UniqueIdentifier>
    </Filter>
    <Filter Include="Contents\ObjectPool\AnimationObjectPool">
      <UniqueIdentifier>{4a6accde-1acd-4aec-9ee7-91d17f000dd9}</UniqueIdentifier>
    </Filter>
    <Filter Include="Manager">
      <UniqueIdentifier>{da2540d1-414e-4906-9063-f70f7185b166}</UniqueIdentifier>
    </Filter>
    <Filter Include="Contents\Script\PartScript\Base">
      <UniqueIdentifier>{dd6e7d60-859b-408a-ae91-77e2e2e09789}</UniqueIdentifier>
    </Filter>
    <Filter Include="Contents\Script\PartScript\Weapon">
      <UniqueIdentifier>{a388564d-7d0f-4793-acbb-520cd221b257}</UniqueIdentifier>
    </Filter>
    <Filter Include="Contents\Script\PartScript\Skin">
      <UniqueIdentifier>{0ae11a3c-2799-47dd-9468-9b0f4d7e1283}</UniqueIdentifier>
    </Filter>
    <Filter Include="Manager\PartManager">
      <UniqueIdentifier>{3a7fa2d0-b6f0-4e49-a917-aa158e3c1fc4}</UniqueIdentifier>
    </Filter>
    <Filter Include="Manager\SkillManager">
      <UniqueIdentifier>{7168718b-6f4f-4c89-87d8-d377c0061ee9}</UniqueIdentifier>
    </Filter>
    <Filter Include="Contents\Interface">
      <UniqueIdentifier>{a8da34d3-f546-4f11-bf70-b37557d8fdda}</UniqueIdentifier>
    </Filter>
    <Filter Include="Contents\Interface\IAnimationFramEvent">
      <UniqueIdentifier>{c8082348-077b-4fa2-8541-66692b2d8516}</UniqueIdentifier>
    </Filter>
    <Filter Include="Contents\Interface\ISkill">
      <UniqueIdentifier>{f46138e2-0519-463c-84a2-ce6348345726}</UniqueIdentifier>
    </Filter>
    <Filter Include="Contents\Interface\ICollisionListener">
      <UniqueIdentifier>{df44fd09-fbe7-43bf-83a3-43a4a479ef55}</UniqueIdentifier>
    </Filter>
    <Filter Include="Contents\Script\Warning">
      <UniqueIdentifier>{76f4145b-cee8-4922-b30a-e667fb2b59a4}</UniqueIdentifier>
    </Filter>
    <Filter Include="Contents\ObjectPool\WarningObjectPool">
      <UniqueIdentifier>{43556132-b0e0-44b6-953e-17622378a45f}</UniqueIdentifier>
    </Filter>
    <Filter Include="Manager\PortalManager">
      <UniqueIdentifier>{40a1b9fb-7391-4755-8a1c-c21115799526}</UniqueIdentifier>
    </Filter>
    <Filter Include="Contents\Class">
      <UniqueIdentifier>{7adf0dbf-8543-422d-adda-fc2d48750c4f}</UniqueIdentifier>
    </Filter>
    <Filter Include="Contents\Class\Portal">
      <UniqueIdentifier>{34a46d2d-32f9-4c3f-82a8-cf4ff29e4240}</UniqueIdentifier>
    </Filter>
    <Filter Include="Contents\Class\Skill">
      <UniqueIdentifier>{3046ed18-7ea9-4dc1-bcde-22690d464077}</UniqueIdentifier>
    </Filter>
    <Filter Include="Contents\Class\Skill\Player">
      <UniqueIdentifier>{3f163e4d-ecca-4bf3-9a28-77a677a9983b}</UniqueIdentifier>
    </Filter>
    <Filter Include="Contents\Class\Skill\Player\NormalAtk">
      <UniqueIdentifier>{30ba0bbd-f567-4afa-a758-b26354f852c3}</UniqueIdentifier>
    </Filter>
    <Filter Include="Contents\Class\Skill\Monster">
      <UniqueIdentifier>{893d6225-d0ee-43b6-8f87-5a25fd0eb426}</UniqueIdentifier>
    </Filter>
    <Filter Include="Contents\Class\Skill\Monster\Normal">
      <UniqueIdentifier>{dad89458-24f7-45d8-a52a-24dd74680d3d}</UniqueIdentifier>
    </Filter>
    <Filter Include="Contents\Class\Skill\Monster\Normal\Spider">
      <UniqueIdentifier>{82259d83-6993-44f6-aada-e4da22aeb634}</UniqueIdentifier>
    </Filter>
    <Filter Include="Contents\Class\Skill\Monster\Named">
      <UniqueIdentifier>{60e73a39-be1b-4a6a-b1bd-5a5d029cbbdf}</UniqueIdentifier>
    </Filter>
    <Filter Include="Contents\Class\Skill\Monster\Named\Tairang">
      <UniqueIdentifier>{dd31a119-0784-4669-b638-ce78e0644781}</UniqueIdentifier>
    </Filter>
    <Filter Include="Contents\Class\Skill\Player\AntiGravity">
      <UniqueIdentifier>{426615f0-bd4b-40ee-bea8-dafaa2f94db6}</UniqueIdentifier>
    </Filter>
    <Filter Include="Contents\Script\ChageSizeOverTiem">
      <UniqueIdentifier>{674896c9-4ea4-476b-bad3-4716842fb311}</UniqueIdentifier>
    </Filter>
    <Filter Include="Manager\InputManager">
      <UniqueIdentifier>{0475043d-f373-459f-b4d4-251b2f4d18c8}</UniqueIdentifier>
    </Filter>
    <Filter Include="Contents\Interface\IMouseEvent">
      <UniqueIdentifier>{724e3715-5d4f-48fd-8c19-55b9aa50a7a4}</UniqueIdentifier>
    </Filter>
  </ItemGroup>
</Project>