<?xml version="1.0" encoding="utf-8"?>
<Project ToolsVersion="4.0" xmlns="http://schemas.microsoft.com/developer/msbuild/2003">
  <ItemGroup>
    <ClInclude Include="LoadScene.h">
      <Filter>Contents\Load</Filter>
    </ClInclude>
    <ClInclude Include="User.h">
      <Filter>Contents\Info</Filter>
    </ClInclude>
    <ClInclude Include="ContentEnums.h">
      <Filter>Contents\Info</Filter>
    </ClInclude>
    <ClInclude Include="RokaInclude.h">
      <Filter>Common</Filter>
    </ClInclude>
    <ClInclude Include="framework.h">
      <Filter>Common</Filter>
    </ClInclude>
    <ClInclude Include="AvatarScript.h">
      <Filter>Contents\Script\AvatarScript</Filter>
    </ClInclude>
    <ClInclude Include="FactoryManager.h">
      <Filter>Factory\FactoryManager</Filter>
    </ClInclude>
    <ClInclude Include="ScriptFactory.h">
      <Filter>Factory\ScriptFactory</Filter>
    </ClInclude>
    <ClInclude Include="ComponentFactory.h">
      <Filter>Factory\ComponentFactory</Filter>
    </ClInclude>
    <ClInclude Include="CameraScript.h">
      <Filter>Contents\Script\Camera</Filter>
    </ClInclude>
    <ClInclude Include="GridScript.h">
      <Filter>Contents\Script\Grid</Filter>
    </ClInclude>
    <ClInclude Include="MoveScript.h">
      <Filter>Contents\Script\MoveScript</Filter>
    </ClInclude>
    <ClInclude Include="Slot.h">
      <Filter>Contents\Script\Slot</Filter>
    </ClInclude>
    <ClInclude Include="PlayerScript.h">
      <Filter>Contents\Script\PlayerScript</Filter>
    </ClInclude>
    <ClInclude Include="SelectCharacterScene.h">
      <Filter>Contents\Scene</Filter>
    </ClInclude>
    <ClInclude Include="SeriaGateScene.h">
      <Filter>Contents\Scene</Filter>
    </ClInclude>
    <ClInclude Include="WestcoastScene.h">
      <Filter>Contents\Scene</Filter>
    </ClInclude>
    <ClInclude Include="HendonmyreScene.h">
      <Filter>Contents\Scene</Filter>
    </ClInclude>
    <ClInclude Include="PlayScene.h">
      <Filter>Contents\Scene</Filter>
    </ClInclude>
    <ClInclude Include="Prefab.h">
      <Filter>Prefab</Filter>
    </ClInclude>
    <ClInclude Include="PartScript.h">
      <Filter>Contents\Script\PartScript</Filter>
    </ClInclude>
    <ClInclude Include="SkillScript.h">
      <Filter>Contents\Script\SkillScript</Filter>
    </ClInclude>
  </ItemGroup>
  <ItemGroup>
    <ClCompile Include="User.cpp">
      <Filter>Contents\Info</Filter>
    </ClCompile>
    <ClCompile Include="Engine.cpp">
      <Filter>Common</Filter>
    </ClCompile>
    <ClCompile Include="AvatarScript.cpp">
      <Filter>Contents\Script\AvatarScript</Filter>
    </ClCompile>
    <ClCompile Include="FactoryManager.cpp">
      <Filter>Factory\FactoryManager</Filter>
    </ClCompile>
    <ClCompile Include="ScriptFactory.cpp">
      <Filter>Factory\ScriptFactory</Filter>
    </ClCompile>
    <ClCompile Include="ComponentFactory.cpp">
      <Filter>Factory\ComponentFactory</Filter>
    </ClCompile>
    <ClCompile Include="CameraScript.cpp">
      <Filter>Contents\Script\Camera</Filter>
    </ClCompile>
    <ClCompile Include="GridScript.cpp">
      <Filter>Contents\Script\Grid</Filter>
    </ClCompile>
    <ClCompile Include="MoveScript.cpp">
      <Filter>Contents\Script\MoveScript</Filter>
    </ClCompile>
    <ClCompile Include="Slot.cpp">
      <Filter>Contents\Script\Slot</Filter>
    </ClCompile>
    <ClCompile Include="PlayerScript.cpp">
      <Filter>Contents\Script\PlayerScript</Filter>
    </ClCompile>
    <ClCompile Include="SelectCharacterScene.cpp">
      <Filter>Contents\Scene</Filter>
    </ClCompile>
    <ClCompile Include="SeriaGateScene.cpp">
      <Filter>Contents\Scene</Filter>
    </ClCompile>
    <ClCompile Include="WestcoastScene.cpp">
      <Filter>Contents\Scene</Filter>
    </ClCompile>
    <ClCompile Include="HendonmyreScene.cpp">
      <Filter>Contents\Scene</Filter>
    </ClCompile>
    <ClCompile Include="PlayScene.cpp">
      <Filter>Contents\Scene</Filter>
    </ClCompile>
    <ClCompile Include="Prefab.cpp">
      <Filter>Prefab</Filter>
    </ClCompile>
    <ClCompile Include="PartScript.cpp">
      <Filter>Contents\Script\PartScript</Filter>
    </ClCompile>
    <ClCompile Include="SkillScript.cpp">
      <Filter>Contents\Script\SkillScript</Filter>
    </ClCompile>
  </ItemGroup>
  <ItemGroup>
    <Filter Include="Contents">
      <UniqueIdentifier>{a1c955e1-b2dc-4eec-ac5b-11708c60c9ab}</UniqueIdentifier>
    </Filter>
    <Filter Include="Contents\Load">
      <UniqueIdentifier>{c4492cfe-95f5-4149-a07c-a916c09232ee}</UniqueIdentifier>
    </Filter>
    <Filter Include="Contents\Scene">
      <UniqueIdentifier>{3df3653c-6fa2-4749-9158-679cbd8bf368}</UniqueIdentifier>
    </Filter>
    <Filter Include="Contents\Script">
      <UniqueIdentifier>{3e345786-6a89-4854-8033-5de66dce86f2}</UniqueIdentifier>
    </Filter>
    <Filter Include="Contents\Script\Grid">
      <UniqueIdentifier>{e4c70c7f-c862-4986-8e20-5bd5ebe604db}</UniqueIdentifier>
    </Filter>
    <Filter Include="Contents\Script\Camera">
      <UniqueIdentifier>{e1bacb99-4c5b-4706-9a86-3c81ab27b544}</UniqueIdentifier>
    </Filter>
    <Filter Include="Contents\Script\Slot">
      <UniqueIdentifier>{12a0a32f-22dc-47b3-a702-effb2c6f4101}</UniqueIdentifier>
    </Filter>
    <Filter Include="Contents\Script\PlayerScript">
      <UniqueIdentifier>{f7396af7-d457-4919-8b73-f99c4b222e82}</UniqueIdentifier>
    </Filter>
    <Filter Include="Contents\Info">
      <UniqueIdentifier>{b5b43276-156c-4a02-85ab-33899fbd0980}</UniqueIdentifier>
    </Filter>
    <Filter Include="Common">
      <UniqueIdentifier>{50a53def-395b-4591-b05e-e87db7d73ce4}</UniqueIdentifier>
    </Filter>
    <Filter Include="Contents\Script\AvatarScript">
      <UniqueIdentifier>{faee0034-81b5-471d-b3c2-2941ddbf09b1}</UniqueIdentifier>
    </Filter>
    <Filter Include="Factory">
      <UniqueIdentifier>{e2a03d57-739f-4746-82d0-f7f6d9a30655}</UniqueIdentifier>
    </Filter>
    <Filter Include="Factory\ComponentFactory">
      <UniqueIdentifier>{2b73a784-bb7b-4eec-aefd-58c6cba0521f}</UniqueIdentifier>
    </Filter>
    <Filter Include="Factory\ScriptFactory">
      <UniqueIdentifier>{f54ff08f-4052-410f-b2b2-5ab98a2c2d7b}</UniqueIdentifier>
    </Filter>
    <Filter Include="Factory\FactoryManager">
      <UniqueIdentifier>{1db5f407-f724-4cd0-9355-9eea76fd702e}</UniqueIdentifier>
    </Filter>
    <Filter Include="Contents\Script\MoveScript">
      <UniqueIdentifier>{a2647b72-e4ea-4962-b649-f43569bd613e}</UniqueIdentifier>
    </Filter>
    <Filter Include="Prefab">
      <UniqueIdentifier>{d3938b0e-52e9-4f85-974c-cd3512b2a4fb}</UniqueIdentifier>
    </Filter>
    <Filter Include="Contents\Script\PartScript">
      <UniqueIdentifier>{ce278227-0394-45ee-962d-e1d9d30ca995}</UniqueIdentifier>
    </Filter>
    <Filter Include="Contents\Script\Ground">
      <UniqueIdentifier>{1c62c7f6-2c97-40fc-bd4d-57e930fbce37}</UniqueIdentifier>
    </Filter>
    <Filter Include="Contents\Script\SkillScript">
      <UniqueIdentifier>{cc36197d-40a4-47ab-af81-6ec91fd62257}</UniqueIdentifier>
    </Filter>
  </ItemGroup>
</Project>