<?xml version="1.0" encoding="utf-8"?>
<Project ToolsVersion="4.0" xmlns="http://schemas.microsoft.com/developer/msbuild/2003">
  <ItemGroup>
    <ClCompile Include="$(MSBuildThisFileDirectory)Entity.cpp">
      <Filter>Common\Entity</Filter>
    </ClCompile>
    <ClCompile Include="$(MSBuildThisFileDirectory)RokaMath.cpp">
      <Filter>Common\Math</Filter>
    </ClCompile>
    <ClCompile Include="$(MSBuildThisFileDirectory)RokaTime.cpp">
      <Filter>Common\Time</Filter>
    </ClCompile>
    <ClCompile Include="$(MSBuildThisFileDirectory)Application.cpp">
      <Filter>High Level Interface</Filter>
    </ClCompile>
    <ClCompile Include="$(MSBuildThisFileDirectory)RokaGraphicDevice_Dx11.cpp">
      <Filter>Graphics</Filter>
    </ClCompile>
    <ClCompile Include="$(MSBuildThisFileDirectory)Input.cpp">
      <Filter>Input</Filter>
    </ClCompile>
    <ClCompile Include="$(MSBuildThisFileDirectory)MyResource.cpp">
      <Filter>Resource</Filter>
    </ClCompile>
    <ClCompile Include="$(MSBuildThisFileDirectory)Resources.cpp">
      <Filter>Resource\Resources</Filter>
    </ClCompile>
    <ClCompile Include="$(MSBuildThisFileDirectory)Renderer.cpp">
      <Filter>Graphics</Filter>
    </ClCompile>
    <ClCompile Include="$(MSBuildThisFileDirectory)ConstantBuffer.cpp">
      <Filter>Graphics</Filter>
    </ClCompile>
    <ClCompile Include="$(MSBuildThisFileDirectory)Script.cpp">
      <Filter>GameObject\Component\Script</Filter>
    </ClCompile>
    <ClCompile Include="$(MSBuildThisFileDirectory)Component.cpp">
      <Filter>GameObject\Component</Filter>
    </ClCompile>
    <ClCompile Include="$(MSBuildThisFileDirectory)GameObject.cpp">
      <Filter>GameObject</Filter>
    </ClCompile>
    <ClCompile Include="$(MSBuildThisFileDirectory)Layer.cpp">
      <Filter>Scene\Layer</Filter>
    </ClCompile>
    <ClCompile Include="$(MSBuildThisFileDirectory)Scene.cpp">
      <Filter>Scene\Base</Filter>
    </ClCompile>
    <ClCompile Include="$(MSBuildThisFileDirectory)SceneManager.cpp">
      <Filter>Manager\SceneManager</Filter>
    </ClCompile>
    <ClCompile Include="$(MSBuildThisFileDirectory)PngReader.cpp" />
    <ClCompile Include="$(MSBuildThisFileDirectory)SceneSector.cpp" />
    <ClCompile Include="$(MSBuildThisFileDirectory)Texture.cpp">
      <Filter>Resource\Texture</Filter>
    </ClCompile>
    <ClCompile Include="$(MSBuildThisFileDirectory)Material.cpp">
      <Filter>Resource\Material</Filter>
    </ClCompile>
    <ClCompile Include="$(MSBuildThisFileDirectory)Mesh.cpp">
      <Filter>Resource\Mesh</Filter>
    </ClCompile>
    <ClCompile Include="$(MSBuildThisFileDirectory)NPK.cpp">
      <Filter>Resource\NPK</Filter>
    </ClCompile>
    <ClCompile Include="$(MSBuildThisFileDirectory)Image.cpp">
      <Filter>GameObject</Filter>
    </ClCompile>
    <ClCompile Include="$(MSBuildThisFileDirectory)ObjectPool.cpp">
      <Filter>Common\ObjectPool</Filter>
    </ClCompile>
    <ClCompile Include="$(MSBuildThisFileDirectory)FactoryBase.cpp">
      <Filter>Common\Factory\Base</Filter>
    </ClCompile>
    <ClCompile Include="$(MSBuildThisFileDirectory)Collider2D.cpp">
      <Filter>GameObject\Component\Collider2D</Filter>
    </ClCompile>
    <ClCompile Include="$(MSBuildThisFileDirectory)CollisionManager.cpp">
      <Filter>Manager\CollisionManager</Filter>
    </ClCompile>
    <ClCompile Include="$(MSBuildThisFileDirectory)ObjectPoolManager.cpp">
      <Filter>Manager\ObjectPoolManager\Base</Filter>
    </ClCompile>
    <ClCompile Include="$(MSBuildThisFileDirectory)SingleTon.cpp">
      <Filter>Common\Singleton</Filter>
    </ClCompile>
    <ClCompile Include="$(MSBuildThisFileDirectory)TestPool.cpp">
      <Filter>Manager\ObjectPoolManager</Filter>
    </ClCompile>
    <ClCompile Include="$(MSBuildThisFileDirectory)MemoryPool.cpp">
      <Filter>Common\MemoryPool</Filter>
    </ClCompile>
    <ClCompile Include="$(MSBuildThisFileDirectory)RBT.cpp">
      <Filter>Common\STL\Map</Filter>
    </ClCompile>
    <ClCompile Include="$(MSBuildThisFileDirectory)Sprite.cpp">
      <Filter>Common\Sprite</Filter>
    </ClCompile>
    <ClCompile Include="$(MSBuildThisFileDirectory)Animation.cpp">
      <Filter>Resource\Animation</Filter>
    </ClCompile>
    <ClCompile Include="$(MSBuildThisFileDirectory)Animator.cpp">
      <Filter>GameObject\Component\Animator</Filter>
    </ClCompile>
    <ClCompile Include="$(MSBuildThisFileDirectory)Shader.cpp">
      <Filter>Resource\Shader\Shader</Filter>
    </ClCompile>
    <ClCompile Include="$(MSBuildThisFileDirectory)ComputeShader.cpp">
      <Filter>Resource\Shader\ComputeShader</Filter>
    </ClCompile>
    <ClCompile Include="$(MSBuildThisFileDirectory)Camera.cpp">
      <Filter>GameObject\Component\Camera</Filter>
    </ClCompile>
    <ClCompile Include="$(MSBuildThisFileDirectory)ImageComponent.cpp">
      <Filter>GameObject\Component\Image</Filter>
    </ClCompile>
    <ClCompile Include="$(MSBuildThisFileDirectory)MeshRenderer.cpp">
      <Filter>GameObject\Component\MeshRenderer</Filter>
    </ClCompile>
    <ClCompile Include="$(MSBuildThisFileDirectory)Transform.cpp">
      <Filter>GameObject\Component\Transform</Filter>
    </ClCompile>
    <ClCompile Include="$(MSBuildThisFileDirectory)Rigidbody.cpp">
      <Filter>GameObject\Component\Rigidbody</Filter>
    </ClCompile>
  </ItemGroup>
  <ItemGroup>
    <ClInclude Include="$(MSBuildThisFileDirectory)RokaEngine.h">
      <Filter>Common</Filter>
    </ClInclude>
    <ClInclude Include="$(MSBuildThisFileDirectory)Entity.h">
      <Filter>Common\Entity</Filter>
    </ClInclude>
    <ClInclude Include="$(MSBuildThisFileDirectory)RokaMath.h">
      <Filter>Common\Math</Filter>
    </ClInclude>
    <ClInclude Include="$(MSBuildThisFileDirectory)RokaTime.h">
      <Filter>Common\Time</Filter>
    </ClInclude>
    <ClInclude Include="$(MSBuildThisFileDirectory)CommonInclude.h">
      <Filter>Common</Filter>
    </ClInclude>
    <ClInclude Include="$(MSBuildThisFileDirectory)Enums.h">
      <Filter>Common</Filter>
    </ClInclude>
    <ClInclude Include="$(MSBuildThisFileDirectory)Application.h">
      <Filter>High Level Interface</Filter>
    </ClInclude>
    <ClInclude Include="$(MSBuildThisFileDirectory)RokaGraphicDevice_Dx11.h">
      <Filter>Graphics</Filter>
    </ClInclude>
    <ClInclude Include="$(MSBuildThisFileDirectory)RokaGraphics.h">
      <Filter>Graphics</Filter>
    </ClInclude>
    <ClInclude Include="$(MSBuildThisFileDirectory)Input.h">
      <Filter>Input</Filter>
    </ClInclude>
    <ClInclude Include="$(MSBuildThisFileDirectory)MyResource.h">
      <Filter>Resource</Filter>
    </ClInclude>
    <ClInclude Include="$(MSBuildThisFileDirectory)Resources.h">
      <Filter>Resource\Resources</Filter>
    </ClInclude>
    <ClInclude Include="$(MSBuildThisFileDirectory)Renderer.h">
      <Filter>Graphics</Filter>
    </ClInclude>
    <ClInclude Include="$(MSBuildThisFileDirectory)ConstantBuffer.h">
      <Filter>Graphics</Filter>
    </ClInclude>
    <ClInclude Include="$(MSBuildThisFileDirectory)Script.h">
      <Filter>GameObject\Component\Script</Filter>
    </ClInclude>
    <ClInclude Include="$(MSBuildThisFileDirectory)Component.h">
      <Filter>GameObject\Component</Filter>
    </ClInclude>
    <ClInclude Include="$(MSBuildThisFileDirectory)GameObject.h">
      <Filter>GameObject</Filter>
    </ClInclude>
    <ClInclude Include="$(MSBuildThisFileDirectory)Layer.h">
      <Filter>Scene\Layer</Filter>
    </ClInclude>
    <ClInclude Include="$(MSBuildThisFileDirectory)Scene.h">
      <Filter>Scene\Base</Filter>
    </ClInclude>
    <ClInclude Include="$(MSBuildThisFileDirectory)SceneManager.h">
      <Filter>Manager\SceneManager</Filter>
    </ClInclude>
    <ClInclude Include="$(MSBuildThisFileDirectory)PngReader.h" />
    <ClInclude Include="$(MSBuildThisFileDirectory)SceneSector.h" />
    <ClInclude Include="$(MSBuildThisFileDirectory)Texture.h">
      <Filter>Resource\Texture</Filter>
    </ClInclude>
    <ClInclude Include="$(MSBuildThisFileDirectory)Material.h">
      <Filter>Resource\Material</Filter>
    </ClInclude>
    <ClInclude Include="$(MSBuildThisFileDirectory)NPK.h">
      <Filter>Resource\NPK</Filter>
    </ClInclude>
    <ClInclude Include="$(MSBuildThisFileDirectory)Mesh.h">
      <Filter>Resource\Mesh</Filter>
    </ClInclude>
    <ClInclude Include="$(MSBuildThisFileDirectory)Object.h">
      <Filter>Common\Object</Filter>
    </ClInclude>
    <ClInclude Include="$(MSBuildThisFileDirectory)Image.h">
      <Filter>GameObject</Filter>
    </ClInclude>
    <ClInclude Include="$(MSBuildThisFileDirectory)ObjectPool.h">
      <Filter>Common\ObjectPool</Filter>
    </ClInclude>
    <ClInclude Include="$(MSBuildThisFileDirectory)FactoryBase.h">
      <Filter>Common\Factory\Base</Filter>
    </ClInclude>
    <ClInclude Include="$(MSBuildThisFileDirectory)Collider2D.h">
      <Filter>GameObject\Component\Collider2D</Filter>
    </ClInclude>
    <ClInclude Include="$(MSBuildThisFileDirectory)CollisionManager.h">
      <Filter>Manager\CollisionManager</Filter>
    </ClInclude>
    <ClInclude Include="$(MSBuildThisFileDirectory)ObjectPoolManager.h">
      <Filter>Manager\ObjectPoolManager\Base</Filter>
    </ClInclude>
    <ClInclude Include="$(MSBuildThisFileDirectory)SingleTon.h">
      <Filter>Common\Singleton</Filter>
    </ClInclude>
    <ClInclude Include="$(MSBuildThisFileDirectory)TestPool.h">
      <Filter>Manager\ObjectPoolManager</Filter>
    </ClInclude>
    <ClInclude Include="$(MSBuildThisFileDirectory)MemoryPool.h">
      <Filter>Common\MemoryPool</Filter>
    </ClInclude>
    <ClInclude Include="$(MSBuildThisFileDirectory)RBT.h">
      <Filter>Common\STL\Map</Filter>
    </ClInclude>
    <ClInclude Include="$(MSBuildThisFileDirectory)LRU_Queue.h">
      <Filter>Common\STL\LRU_Queue</Filter>
    </ClInclude>
    <ClInclude Include="$(MSBuildThisFileDirectory)PriorityQueue.h">
      <Filter>Common\STL\LRU_Queue</Filter>
    </ClInclude>
    <ClInclude Include="$(MSBuildThisFileDirectory)ForwardDeclarations.h">
      <Filter>Common</Filter>
    </ClInclude>
    <ClInclude Include="$(MSBuildThisFileDirectory)Sprite.h">
      <Filter>Common\Sprite</Filter>
    </ClInclude>
    <ClInclude Include="$(MSBuildThisFileDirectory)Animation.h">
      <Filter>Resource\Animation</Filter>
    </ClInclude>
    <ClInclude Include="$(MSBuildThisFileDirectory)Animator.h">
      <Filter>GameObject\Component\Animator</Filter>
    </ClInclude>
    <ClInclude Include="$(MSBuildThisFileDirectory)Shader.h">
      <Filter>Resource\Shader\Shader</Filter>
    </ClInclude>
    <ClInclude Include="$(MSBuildThisFileDirectory)ComputeShader.h">
      <Filter>Resource\Shader\ComputeShader</Filter>
    </ClInclude>
    <ClInclude Include="$(MSBuildThisFileDirectory)Camera.h">
      <Filter>GameObject\Component\Camera</Filter>
    </ClInclude>
    <ClInclude Include="$(MSBuildThisFileDirectory)ImageComponent.h">
      <Filter>GameObject\Component\Image</Filter>
    </ClInclude>
    <ClInclude Include="$(MSBuildThisFileDirectory)MeshRenderer.h">
      <Filter>GameObject\Component\MeshRenderer</Filter>
    </ClInclude>
    <ClInclude Include="$(MSBuildThisFileDirectory)Transform.h">
      <Filter>GameObject\Component\Transform</Filter>
    </ClInclude>
    <ClInclude Include="$(MSBuildThisFileDirectory)Rigidbody.h">
      <Filter>GameObject\Component\Rigidbody</Filter>
    </ClInclude>
  </ItemGroup>
  <ItemGroup>
    <Filter Include="Common">
      <UniqueIdentifier>{61ab1881-a705-49db-940e-a16bd4fdc49a}</UniqueIdentifier>
    </Filter>
    <Filter Include="Graphics">
      <UniqueIdentifier>{85925d01-5bb1-4656-9ceb-60c0959dd8b3}</UniqueIdentifier>
    </Filter>
    <Filter Include="High Level Interface">
      <UniqueIdentifier>{e0fb177d-373e-4c6a-b163-04817d8f0a9a}</UniqueIdentifier>
    </Filter>
    <Filter Include="Input">
      <UniqueIdentifier>{80aedb97-0554-4a5d-81a7-ab428a377d32}</UniqueIdentifier>
    </Filter>
    <Filter Include="Resource">
      <UniqueIdentifier>{c859f22f-f894-4e9a-b00d-65ed070afcdc}</UniqueIdentifier>
    </Filter>
    <Filter Include="Common\Entity">
      <UniqueIdentifier>{cad0531a-4fc8-494c-92dd-7f739a45ddca}</UniqueIdentifier>
    </Filter>
    <Filter Include="Common\Math">
      <UniqueIdentifier>{84d7a205-0f18-4b6c-9f75-d291082485ca}</UniqueIdentifier>
    </Filter>
    <Filter Include="Common\Time">
      <UniqueIdentifier>{1c4db85c-6f34-4c08-8843-c264557b9375}</UniqueIdentifier>
    </Filter>
    <Filter Include="Resource\Resources">
      <UniqueIdentifier>{fbc8fa68-519a-4015-b437-52d87d9fff81}</UniqueIdentifier>
    </Filter>
    <Filter Include="GameObject">
      <UniqueIdentifier>{a9cd6e23-4c02-4a2e-b639-ee8003eb9d7e}</UniqueIdentifier>
    </Filter>
    <Filter Include="GameObject\Component">
      <UniqueIdentifier>{07da96fb-4086-4ba6-9279-7dabcefd5cb8}</UniqueIdentifier>
    </Filter>
    <Filter Include="GameObject\Component\Script">
      <UniqueIdentifier>{d51d1858-8ca4-4edf-8e6e-3a7604bafa36}</UniqueIdentifier>
    </Filter>
    <Filter Include="Scene">
      <UniqueIdentifier>{11e0bcbf-ef8f-4511-b3f4-3060a23c627d}</UniqueIdentifier>
    </Filter>
    <Filter Include="Scene\Layer">
      <UniqueIdentifier>{d138b50d-3b70-4847-93a8-6752d397eb0c}</UniqueIdentifier>
    </Filter>
    <Filter Include="Scene\Base">
      <UniqueIdentifier>{1a7fcbeb-88a4-4b0d-8993-7a7197d05b7c}</UniqueIdentifier>
    </Filter>
    <Filter Include="Resource\Texture">
      <UniqueIdentifier>{420468e5-87e3-4a3a-a402-9652af334e13}</UniqueIdentifier>
    </Filter>
    <Filter Include="Resource\Material">
      <UniqueIdentifier>{a3b4c2f5-a40e-4493-beba-9a6384a996ae}</UniqueIdentifier>
    </Filter>
    <Filter Include="Resource\Mesh">
      <UniqueIdentifier>{c628f130-9f9f-4b36-8685-a65aabfc4926}</UniqueIdentifier>
    </Filter>
    <Filter Include="Resource\Shader">
      <UniqueIdentifier>{6dd853a8-d694-42f3-9801-3404761d47f9}</UniqueIdentifier>
    </Filter>
    <Filter Include="Resource\NPK">
      <UniqueIdentifier>{acba7d4b-b736-439d-ac92-a55bef0ff668}</UniqueIdentifier>
    </Filter>
    <Filter Include="Common\Object">
      <UniqueIdentifier>{171fdcfe-80e2-42e4-ab23-b3a2e50b7c30}</UniqueIdentifier>
    </Filter>
    <Filter Include="Common\ObjectPool">
      <UniqueIdentifier>{1a2d82c7-058f-4ca9-b6d1-4da36b24a992}</UniqueIdentifier>
    </Filter>
    <Filter Include="Common\Factory">
      <UniqueIdentifier>{fc3c677a-7cf3-447f-ba3a-eebce76430f6}</UniqueIdentifier>
    </Filter>
    <Filter Include="Common\Factory\Base">
      <UniqueIdentifier>{929bd9b7-0b62-40db-9a0d-251c60e8e630}</UniqueIdentifier>
    </Filter>
    <Filter Include="GameObject\Component\Collider2D">
      <UniqueIdentifier>{86697c12-86bf-4c09-b55c-f0ccffae693b}</UniqueIdentifier>
    </Filter>
    <Filter Include="Manager">
      <UniqueIdentifier>{c06a9f45-6235-440d-a3a0-dbcf03c38743}</UniqueIdentifier>
    </Filter>
    <Filter Include="Manager\SceneManager">
      <UniqueIdentifier>{7fc40350-347b-47bf-880e-be1ed3341260}</UniqueIdentifier>
    </Filter>
    <Filter Include="Manager\CollisionManager">
      <UniqueIdentifier>{36f5e404-df1c-44c7-a955-a928858caaf9}</UniqueIdentifier>
    </Filter>
    <Filter Include="Manager\ObjectPoolManager">
      <UniqueIdentifier>{ffcd0bdd-4e25-4bba-8db0-0cd803e12752}</UniqueIdentifier>
    </Filter>
    <Filter Include="Manager\ObjectPoolManager\Base">
      <UniqueIdentifier>{fe72e9ac-3227-4102-ad31-6f85ef38b7f0}</UniqueIdentifier>
    </Filter>
    <Filter Include="Common\Singleton">
      <UniqueIdentifier>{f9bbb76b-7628-4281-82da-32c00147351c}</UniqueIdentifier>
    </Filter>
    <Filter Include="Common\MemoryPool">
      <UniqueIdentifier>{8d256061-0cdd-4212-9925-cead081f70a8}</UniqueIdentifier>
    </Filter>
    <Filter Include="Common\STL">
      <UniqueIdentifier>{2d2e1092-0e5d-4bce-92f5-09ab6a77c1f5}</UniqueIdentifier>
    </Filter>
    <Filter Include="Common\STL\Map">
      <UniqueIdentifier>{e057254d-a90c-4f01-b083-150803471fa7}</UniqueIdentifier>
    </Filter>
    <Filter Include="Common\STL\LRU_Queue">
      <UniqueIdentifier>{fa008e1d-557c-449b-b0bb-37612f89c727}</UniqueIdentifier>
    </Filter>
    <Filter Include="Common\Sprite">
      <UniqueIdentifier>{a083efd3-64f6-4d30-b118-176bc9ec5469}</UniqueIdentifier>
    </Filter>
    <Filter Include="Resource\Animation">
      <UniqueIdentifier>{f7f08c0c-bfef-4bcc-8c83-018924b3bfdd}</UniqueIdentifier>
    </Filter>
    <Filter Include="GameObject\Component\Animator">
      <UniqueIdentifier>{dc57fcb0-25b6-472e-ae02-29f8e1c85abb}</UniqueIdentifier>
    </Filter>
    <Filter Include="Resource\Shader\ComputeShader">
      <UniqueIdentifier>{80af71b1-e86f-4269-87e1-18f0271e58a8}</UniqueIdentifier>
    </Filter>
    <Filter Include="Resource\Shader\Shader">
      <UniqueIdentifier>{f9d6fd01-a4e9-4cf6-a79c-05339ebb6928}</UniqueIdentifier>
    </Filter>
    <Filter Include="GameObject\Component\Camera">
      <UniqueIdentifier>{ba1f7318-a17e-46e7-ba29-4a4353924bd0}</UniqueIdentifier>
    </Filter>
    <Filter Include="GameObject\Component\Image">
      <UniqueIdentifier>{ff80c532-6b1d-43ed-9d48-721b1ee79503}</UniqueIdentifier>
    </Filter>
    <Filter Include="GameObject\Component\MeshRenderer">
      <UniqueIdentifier>{283c297e-b1a9-46a0-8704-9d4e565eb3e8}</UniqueIdentifier>
    </Filter>
    <Filter Include="GameObject\Component\Transform">
      <UniqueIdentifier>{c14d917e-303d-4276-b533-cd7a71b78081}</UniqueIdentifier>
    </Filter>
    <Filter Include="GameObject\Component\Rigidbody">
      <UniqueIdentifier>{0ff0500f-587a-4dd8-97ac-9ec6a24c7dc9}</UniqueIdentifier>
    </Filter>
  </ItemGroup>
  <ItemGroup>
    <None Include="$(MSBuildThisFileDirectory)RokaMath.inl">
      <Filter>Common\Math</Filter>
    </None>
    <None Include="$(MSBuildThisFileDirectory)ClassDiagram.cd" />
  </ItemGroup>
</Project>